
Microsoft Visual Studio Solution File, Format Version 12.00
# Visual Studio Version 16
VisualStudioVersion = 16.0.29424.173
MinimumVisualStudioVersion = 10.0.40219.1
Project("{FAE04EC0-301F-11D3-BF4B-00C04F79EFBC}") = "Bobkov.Web", "Bobkov.Web\Bobkov.Web.csproj", "{7F24C7FA-0A27-41D1-A3D2-5E447DD93608}"
EndProject
Project("{FAE04EC0-301F-11D3-BF4B-00C04F79EFBC}") = "Bobkov.BL", "Bobkov.BL\Bobkov.BL.csproj", "{88FF01B2-BBA7-4A19-B592-3744A8F2DB1B}"
EndProject
Project("{FAE04EC0-301F-11D3-BF4B-00C04F79EFBC}") = "Bobkov.DAL", "Bobkov.DAL\Bobkov.DAL.csproj", "{63504936-20C2-4F05-B521-6009EC8DA713}"
EndProject
Global
	GlobalSection(SolutionConfigurationPlatforms) = preSolution
		Debug|Any CPU = Debug|Any CPU
		Release|Any CPU = Release|Any CPU
	EndGlobalSection
	GlobalSection(ProjectConfigurationPlatforms) = postSolution
		{7F24C7FA-0A27-41D1-A3D2-5E447DD93608}.Debug|Any CPU.ActiveCfg = Debug|Any CPU
		{7F24C7FA-0A27-41D1-A3D2-5E447DD93608}.Debug|Any CPU.Build.0 = Debug|Any CPU
		{7F24C7FA-0A27-41D1-A3D2-5E447DD93608}.Release|Any CPU.ActiveCfg = Release|Any CPU
		{7F24C7FA-0A27-41D1-A3D2-5E447DD93608}.Release|Any CPU.Build.0 = Release|Any CPU
		{88FF01B2-BBA7-4A19-B592-3744A8F2DB1B}.Debug|Any CPU.ActiveCfg = Debug|Any CPU
		{88FF01B2-BBA7-4A19-B592-3744A8F2DB1B}.Debug|Any CPU.Build.0 = Debug|Any CPU
		{88FF01B2-BBA7-4A19-B592-3744A8F2DB1B}.Release|Any CPU.ActiveCfg = Release|Any CPU
		{88FF01B2-BBA7-4A19-B592-3744A8F2DB1B}.Release|Any CPU.Build.0 = Release|Any CPU
		{63504936-20C2-4F05-B521-6009EC8DA713}.Debug|Any CPU.ActiveCfg = Debug|Any CPU
		{63504936-20C2-4F05-B521-6009EC8DA713}.Debug|Any CPU.Build.0 = Debug|Any CPU
		{63504936-20C2-4F05-B521-6009EC8DA713}.Release|Any CPU.ActiveCfg = Release|Any CPU
		{63504936-20C2-4F05-B521-6009EC8DA713}.Release|Any CPU.Build.0 = Release|Any CPU
	EndGlobalSection
	GlobalSection(SolutionProperties) = preSolution
		HideSolutionNode = FALSE
	EndGlobalSection
	GlobalSection(ExtensibilityGlobals) = postSolution
		SolutionGuid = {00C6582D-17B9-4543-B5D4-8DA9FC684A6B}
	EndGlobalSection
EndGlobal
